
Microsoft Visual Studio Solution File, Format Version 12.00
# Visual Studio Version 17
VisualStudioVersion = 17.0.31903.59
MinimumVisualStudioVersion = 10.0.40219.1
Project("{2150E333-8FDC-42A3-9474-1A3956D46DE8}") = "src", "src", "{5D7704CF-F6B8-4383-9FB4-73B071D9C8DA}"
EndProject
Project("{2150E333-8FDC-42A3-9474-1A3956D46DE8}") = "Host", "Host", "{34FF0C6C-C360-4183-8DB5-8ABB8B2F9F3B}"
EndProject
Project("{FAE04EC0-301F-11D3-BF4B-00C04F79EFBC}") = "PortalGravity.Api", "src\Host\PortalGravity.Api\PortalGravity.Api.csproj", "{D9A6AC34-F0E8-4F72-B3C6-DF27DB2ABC29}"
EndProject
Project("{2150E333-8FDC-42A3-9474-1A3956D46DE8}") = "Shared", "Shared", "{D59742F5-38E2-4AEB-9336-55636709FEBE}"
EndProject
Project("{FAE04EC0-301F-11D3-BF4B-00C04F79EFBC}") = "PortalGravity.Shared", "src\Shared\PortalGravity.Shared\PortalGravity.Shared.csproj", "{14903A3B-F82A-4B56-BAFC-747D6D6C3FE2}"
EndProject
Project("{2150E333-8FDC-42A3-9474-1A3956D46DE8}") = "Modules", "Modules", "{BF09516F-F133-4D33-A589-28F140686B43}"
EndProject
Project("{2150E333-8FDC-42A3-9474-1A3956D46DE8}") = "Identity", "Identity", "{5C15167C-08F8-40DF-B05C-42E40B442713}"
EndProject
Project("{FAE04EC0-301F-11D3-BF4B-00C04F79EFBC}") = "PortalGravity.Module.Identity", "src\Modules\Identity\PortalGravity.Module.Identity\PortalGravity.Module.Identity.csproj", "{2FC13F0D-7DD4-4657-8931-FA8D1F28A21A}"
EndProject
Project("{2150E333-8FDC-42A3-9474-1A3956D46DE8}") = "RBAC", "RBAC", "{2A16248A-52B1-4602-8686-840C39D5B22A}"
EndProject
Project("{FAE04EC0-301F-11D3-BF4B-00C04F79EFBC}") = "PortalGravity.Module.RBAC", "src\Modules\RBAC\PortalGravity.Module.RBAC\PortalGravity.Module.RBAC.csproj", "{2496BCB9-5964-4A3B-A42E-E8D9C1D34BB6}"
EndProject
Project("{2150E333-8FDC-42A3-9474-1A3956D46DE8}") = "Organization", "Organization", "{278A3B83-7ADB-4870-96B4-FDBEBFF66D93}"
EndProject
Project("{FAE04EC0-301F-11D3-BF4B-00C04F79EFBC}") = "PortalGravity.Module.Organization", "src\Modules\Organization\PortalGravity.Module.Organization\PortalGravity.Module.Organization.csproj", "{9BEF8367-ACAD-496E-B8E4-12F8A8CE8B25}"
EndProject
Project("{2150E333-8FDC-42A3-9474-1A3956D46DE8}") = "Localization", "Localization", "{1CAF6EDF-94AF-4429-BA66-3C94D9157BC5}"
EndProject
Project("{FAE04EC0-301F-11D3-BF4B-00C04F79EFBC}") = "PortalGravity.Module.Localization", "src\Modules\Localization\PortalGravity.Module.Localization\PortalGravity.Module.Localization.csproj", "{F53B01F2-E420-4E50-955F-D49A4B9258A2}"
EndProject
Project("{2150E333-8FDC-42A3-9474-1A3956D46DE8}") = "Audit", "Audit", "{37A270DB-0D83-4A96-927C-8FECF581E054}"
EndProject
Project("{FAE04EC0-301F-11D3-BF4B-00C04F79EFBC}") = "PortalGravity.Module.Audit", "src\Modules\Audit\PortalGravity.Module.Audit\PortalGravity.Module.Audit.csproj", "{0C2315BD-4E78-4B3D-93C0-187A707754E8}"
EndProject
Project("{2150E333-8FDC-42A3-9474-1A3956D46DE8}") = "tests", "tests", "{2E5A6DFA-FD5A-4185-B7A5-8329D2AEDC1D}"
EndProject
Project("{FAE04EC0-301F-11D3-BF4B-00C04F79EFBC}") = "PortalGravity.Tests.Unit", "tests\PortalGravity.Tests.Unit\PortalGravity.Tests.Unit.csproj", "{80D36903-BC2F-4F4F-B6AB-82905A413A27}"
EndProject
Project("{FAE04EC0-301F-11D3-BF4B-00C04F79EFBC}") = "PortalGravity.Tests.Integration", "tests\PortalGravity.Tests.Integration\PortalGravity.Tests.Integration.csproj", "{C107264D-62F9-454B-84FA-285B6CCC0F05}"
EndProject
Project("{2150E333-8FDC-42A3-9474-1A3956D46DE8}") = "HelpGuide", "HelpGuide", "{F3E5FFFB-8163-4067-82F8-4F05E4EC85FB}"
EndProject
Project("{FAE04EC0-301F-11D3-BF4B-00C04F79EFBC}") = "PortalGravity.Module.HelpGuide", "src\Modules\HelpGuide\PortalGravity.Module.HelpGuide\PortalGravity.Module.HelpGuide.csproj", "{86237F39-7012-4739-B102-2F9CFAC8CFDA}"
EndProject
Global
	GlobalSection(SolutionConfigurationPlatforms) = preSolution
		Debug|Any CPU = Debug|Any CPU
		Release|Any CPU = Release|Any CPU
	EndGlobalSection
	GlobalSection(SolutionProperties) = preSolution
		HideSolutionNode = FALSE
	EndGlobalSection
	GlobalSection(ProjectConfigurationPlatforms) = postSolution
		{D9A6AC34-F0E8-4F72-B3C6-DF27DB2ABC29}.Debug|Any CPU.ActiveCfg = Debug|Any CPU
		{D9A6AC34-F0E8-4F72-B3C6-DF27DB2ABC29}.Debug|Any CPU.Build.0 = Debug|Any CPU
		{D9A6AC34-F0E8-4F72-B3C6-DF27DB2ABC29}.Release|Any CPU.ActiveCfg = Release|Any CPU
		{D9A6AC34-F0E8-4F72-B3C6-DF27DB2ABC29}.Release|Any CPU.Build.0 = Release|Any CPU
		{14903A3B-F82A-4B56-BAFC-747D6D6C3FE2}.Debug|Any CPU.ActiveCfg = Debug|Any CPU
		{14903A3B-F82A-4B56-BAFC-747D6D6C3FE2}.Debug|Any CPU.Build.0 = Debug|Any CPU
		{14903A3B-F82A-4B56-BAFC-747D6D6C3FE2}.Release|Any CPU.ActiveCfg = Release|Any CPU
		{14903A3B-F82A-4B56-BAFC-747D6D6C3FE2}.Release|Any CPU.Build.0 = Release|Any CPU
		{2FC13F0D-7DD4-4657-8931-FA8D1F28A21A}.Debug|Any CPU.ActiveCfg = Debug|Any CPU
		{2FC13F0D-7DD4-4657-8931-FA8D1F28A21A}.Debug|Any CPU.Build.0 = Debug|Any CPU
		{2FC13F0D-7DD4-4657-8931-FA8D1F28A21A}.Release|Any CPU.ActiveCfg = Release|Any CPU
		{2FC13F0D-7DD4-4657-8931-FA8D1F28A21A}.Release|Any CPU.Build.0 = Release|Any CPU
		{2496BCB9-5964-4A3B-A42E-E8D9C1D34BB6}.Debug|Any CPU.ActiveCfg = Debug|Any CPU
		{2496BCB9-5964-4A3B-A42E-E8D9C1D34BB6}.Debug|Any CPU.Build.0 = Debug|Any CPU
		{2496BCB9-5964-4A3B-A42E-E8D9C1D34BB6}.Release|Any CPU.ActiveCfg = Release|Any CPU
		{2496BCB9-5964-4A3B-A42E-E8D9C1D34BB6}.Release|Any CPU.Build.0 = Release|Any CPU
		{9BEF8367-ACAD-496E-B8E4-12F8A8CE8B25}.Debug|Any CPU.ActiveCfg = Debug|Any CPU
		{9BEF8367-ACAD-496E-B8E4-12F8A8CE8B25}.Debug|Any CPU.Build.0 = Debug|Any CPU
		{9BEF8367-ACAD-496E-B8E4-12F8A8CE8B25}.Release|Any CPU.ActiveCfg = Release|Any CPU
		{9BEF8367-ACAD-496E-B8E4-12F8A8CE8B25}.Release|Any CPU.Build.0 = Release|Any CPU
		{F53B01F2-E420-4E50-955F-D49A4B9258A2}.Debug|Any CPU.ActiveCfg = Debug|Any CPU
		{F53B01F2-E420-4E50-955F-D49A4B9258A2}.Debug|Any CPU.Build.0 = Debug|Any CPU
		{F53B01F2-E420-4E50-955F-D49A4B9258A2}.Release|Any CPU.ActiveCfg = Release|Any CPU
		{F53B01F2-E420-4E50-955F-D49A4B9258A2}.Release|Any CPU.Build.0 = Release|Any CPU
		{0C2315BD-4E78-4B3D-93C0-187A707754E8}.Debug|Any CPU.ActiveCfg = Debug|Any CPU
		{0C2315BD-4E78-4B3D-93C0-187A707754E8}.Debug|Any CPU.Build.0 = Debug|Any CPU
		{0C2315BD-4E78-4B3D-93C0-187A707754E8}.Release|Any CPU.ActiveCfg = Release|Any CPU
		{0C2315BD-4E78-4B3D-93C0-187A707754E8}.Release|Any CPU.Build.0 = Release|Any CPU
		{80D36903-BC2F-4F4F-B6AB-82905A413A27}.Debug|Any CPU.ActiveCfg = Debug|Any CPU
		{80D36903-BC2F-4F4F-B6AB-82905A413A27}.Debug|Any CPU.Build.0 = Debug|Any CPU
		{80D36903-BC2F-4F4F-B6AB-82905A413A27}.Release|Any CPU.ActiveCfg = Release|Any CPU
		{80D36903-BC2F-4F4F-B6AB-82905A413A27}.Release|Any CPU.Build.0 = Release|Any CPU
		{C107264D-62F9-454B-84FA-285B6CCC0F05}.Debug|Any CPU.ActiveCfg = Debug|Any CPU
		{C107264D-62F9-454B-84FA-285B6CCC0F05}.Debug|Any CPU.Build.0 = Debug|Any CPU
		{C107264D-62F9-454B-84FA-285B6CCC0F05}.Release|Any CPU.ActiveCfg = Release|Any CPU
		{C107264D-62F9-454B-84FA-285B6CCC0F05}.Release|Any CPU.Build.0 = Release|Any CPU
		{86237F39-7012-4739-B102-2F9CFAC8CFDA}.Debug|Any CPU.ActiveCfg = Debug|Any CPU
		{86237F39-7012-4739-B102-2F9CFAC8CFDA}.Debug|Any CPU.Build.0 = Debug|Any CPU
		{86237F39-7012-4739-B102-2F9CFAC8CFDA}.Release|Any CPU.ActiveCfg = Release|Any CPU
		{86237F39-7012-4739-B102-2F9CFAC8CFDA}.Release|Any CPU.Build.0 = Release|Any CPU
	EndGlobalSection
	GlobalSection(NestedProjects) = preSolution
		{34FF0C6C-C360-4183-8DB5-8ABB8B2F9F3B} = {5D7704CF-F6B8-4383-9FB4-73B071D9C8DA}
		{D9A6AC34-F0E8-4F72-B3C6-DF27DB2ABC29} = {34FF0C6C-C360-4183-8DB5-8ABB8B2F9F3B}
		{D59742F5-38E2-4AEB-9336-55636709FEBE} = {5D7704CF-F6B8-4383-9FB4-73B071D9C8DA}
		{14903A3B-F82A-4B56-BAFC-747D6D6C3FE2} = {D59742F5-38E2-4AEB-9336-55636709FEBE}
		{BF09516F-F133-4D33-A589-28F140686B43} = {5D7704CF-F6B8-4383-9FB4-73B071D9C8DA}
		{5C15167C-08F8-40DF-B05C-42E40B442713} = {BF09516F-F133-4D33-A589-28F140686B43}
		{2FC13F0D-7DD4-4657-8931-FA8D1F28A21A} = {5C15167C-08F8-40DF-B05C-42E40B442713}
		{2A16248A-52B1-4602-8686-840C39D5B22A} = {BF09516F-F133-4D33-A589-28F140686B43}
		{2496BCB9-5964-4A3B-A42E-E8D9C1D34BB6} = {2A16248A-52B1-4602-8686-840C39D5B22A}
		{278A3B83-7ADB-4870-96B4-FDBEBFF66D93} = {BF09516F-F133-4D33-A589-28F140686B43}
		{9BEF8367-ACAD-496E-B8E4-12F8A8CE8B25} = {278A3B83-7ADB-4870-96B4-FDBEBFF66D93}
		{1CAF6EDF-94AF-4429-BA66-3C94D9157BC5} = {BF09516F-F133-4D33-A589-28F140686B43}
		{F53B01F2-E420-4E50-955F-D49A4B9258A2} = {1CAF6EDF-94AF-4429-BA66-3C94D9157BC5}
		{37A270DB-0D83-4A96-927C-8FECF581E054} = {BF09516F-F133-4D33-A589-28F140686B43}
		{0C2315BD-4E78-4B3D-93C0-187A707754E8} = {37A270DB-0D83-4A96-927C-8FECF581E054}
		{80D36903-BC2F-4F4F-B6AB-82905A413A27} = {2E5A6DFA-FD5A-4185-B7A5-8329D2AEDC1D}
		{C107264D-62F9-454B-84FA-285B6CCC0F05} = {2E5A6DFA-FD5A-4185-B7A5-8329D2AEDC1D}
		{F3E5FFFB-8163-4067-82F8-4F05E4EC85FB} = {BF09516F-F133-4D33-A589-28F140686B43}
		{86237F39-7012-4739-B102-2F9CFAC8CFDA} = {F3E5FFFB-8163-4067-82F8-4F05E4EC85FB}
	EndGlobalSection
EndGlobal
